
Microsoft Visual Studio Solution File, Format Version 12.00
# Visual Studio 15
VisualStudioVersion = 15.0.28010.2048
MinimumVisualStudioVersion = 10.0.40219.1
Project("{FAE04EC0-301F-11D3-BF4B-00C04F79EFBC}") = "AbstractFactory", "DesignPatterns\AbstractFactory.csproj", "{5C026C72-D4F3-4159-9CC9-45F603D65C92}"
EndProject
Project("{FAE04EC0-301F-11D3-BF4B-00C04F79EFBC}") = "Adapter", "Adapter\Adapter.csproj", "{6FE02D42-AA9A-439B-99DB-EF102E6BE35E}"
EndProject
Project("{FAE04EC0-301F-11D3-BF4B-00C04F79EFBC}") = "Composite", "Composite\Composite.csproj", "{A19A68F6-797B-4FAF-BBA1-362ACECC7599}"
EndProject
Project("{FAE04EC0-301F-11D3-BF4B-00C04F79EFBC}") = "Command", "Command\Command.csproj", "{E9DFC525-320C-4396-AFFD-E1B9F0BC833C}"
EndProject
Project("{FAE04EC0-301F-11D3-BF4B-00C04F79EFBC}") = "State", "State\State.csproj", "{EAE633D6-4C40-42A3-A409-2E3967112CA7}"
EndProject
Global
	GlobalSection(SolutionConfigurationPlatforms) = preSolution
		Debug|Any CPU = Debug|Any CPU
		Release|Any CPU = Release|Any CPU
	EndGlobalSection
	GlobalSection(ProjectConfigurationPlatforms) = postSolution
		{5C026C72-D4F3-4159-9CC9-45F603D65C92}.Debug|Any CPU.ActiveCfg = Debug|Any CPU
		{5C026C72-D4F3-4159-9CC9-45F603D65C92}.Debug|Any CPU.Build.0 = Debug|Any CPU
		{5C026C72-D4F3-4159-9CC9-45F603D65C92}.Release|Any CPU.ActiveCfg = Release|Any CPU
		{5C026C72-D4F3-4159-9CC9-45F603D65C92}.Release|Any CPU.Build.0 = Release|Any CPU
		{6FE02D42-AA9A-439B-99DB-EF102E6BE35E}.Debug|Any CPU.ActiveCfg = Debug|Any CPU
		{6FE02D42-AA9A-439B-99DB-EF102E6BE35E}.Debug|Any CPU.Build.0 = Debug|Any CPU
		{6FE02D42-AA9A-439B-99DB-EF102E6BE35E}.Release|Any CPU.ActiveCfg = Release|Any CPU
		{6FE02D42-AA9A-439B-99DB-EF102E6BE35E}.Release|Any CPU.Build.0 = Release|Any CPU
		{A19A68F6-797B-4FAF-BBA1-362ACECC7599}.Debug|Any CPU.ActiveCfg = Debug|Any CPU
		{A19A68F6-797B-4FAF-BBA1-362ACECC7599}.Debug|Any CPU.Build.0 = Debug|Any CPU
		{A19A68F6-797B-4FAF-BBA1-362ACECC7599}.Release|Any CPU.ActiveCfg = Release|Any CPU
		{A19A68F6-797B-4FAF-BBA1-362ACECC7599}.Release|Any CPU.Build.0 = Release|Any CPU
		{E9DFC525-320C-4396-AFFD-E1B9F0BC833C}.Debug|Any CPU.ActiveCfg = Debug|Any CPU
		{E9DFC525-320C-4396-AFFD-E1B9F0BC833C}.Debug|Any CPU.Build.0 = Debug|Any CPU
		{E9DFC525-320C-4396-AFFD-E1B9F0BC833C}.Release|Any CPU.ActiveCfg = Release|Any CPU
		{E9DFC525-320C-4396-AFFD-E1B9F0BC833C}.Release|Any CPU.Build.0 = Release|Any CPU
		{EAE633D6-4C40-42A3-A409-2E3967112CA7}.Debug|Any CPU.ActiveCfg = Debug|Any CPU
		{EAE633D6-4C40-42A3-A409-2E3967112CA7}.Debug|Any CPU.Build.0 = Debug|Any CPU
		{EAE633D6-4C40-42A3-A409-2E3967112CA7}.Release|Any CPU.ActiveCfg = Release|Any CPU
		{EAE633D6-4C40-42A3-A409-2E3967112CA7}.Release|Any CPU.Build.0 = Release|Any CPU
	EndGlobalSection
	GlobalSection(SolutionProperties) = preSolution
		HideSolutionNode = FALSE
	EndGlobalSection
	GlobalSection(ExtensibilityGlobals) = postSolution
		SolutionGuid = {91D50128-DEB6-4393-9B7A-16E5DC5682A1}
	EndGlobalSection
EndGlobal
